
Microsoft Visual Studio Solution File, Format Version 12.00
# Visual Studio 15
VisualStudioVersion = 15.0.26206.0
MinimumVisualStudioVersion = 10.0.40219.1
Project("{2150E333-8FDC-42A3-9474-1A3956D46DE8}") = "src", "src", "{5137ACD1-96E3-4F59-B248-B7C9BF87707A}"
EndProject
Project("{2150E333-8FDC-42A3-9474-1A3956D46DE8}") = "Solution Items", "Solution Items", "{5CCCB1A8-BABE-42BC-9FA0-1E346EA058BB}"
EndProject
Project("{9A19103F-16F7-4668-BE54-9A1E7A4F7556}") = "KPU Lab Nuget", "src\KPU Lab Nuget\KPU Lab Nuget.csproj", "{C392819B-7391-4934-A19A-2A84BEC938FA}"
EndProject
Global
	GlobalSection(SolutionConfigurationPlatforms) = preSolution
		Debug|Any CPU = Debug|Any CPU
		Release|Any CPU = Release|Any CPU
	EndGlobalSection
	GlobalSection(ProjectConfigurationPlatforms) = postSolution
		{C392819B-7391-4934-A19A-2A84BEC938FA}.Debug|Any CPU.ActiveCfg = Debug|Any CPU
		{C392819B-7391-4934-A19A-2A84BEC938FA}.Debug|Any CPU.Build.0 = Debug|Any CPU
		{C392819B-7391-4934-A19A-2A84BEC938FA}.Release|Any CPU.ActiveCfg = Release|Any CPU
		{C392819B-7391-4934-A19A-2A84BEC938FA}.Release|Any CPU.Build.0 = Release|Any CPU
	EndGlobalSection
	GlobalSection(SolutionProperties) = preSolution
		HideSolutionNode = FALSE
	EndGlobalSection
	GlobalSection(NestedProjects) = preSolution
		{C392819B-7391-4934-A19A-2A84BEC938FA} = {5137ACD1-96E3-4F59-B248-B7C9BF87707A}
	EndGlobalSection
EndGlobal
